
Microsoft Visual Studio Solution File, Format Version 12.00
# Visual Studio 15
VisualStudioVersion = 15.0.28307.902
MinimumVisualStudioVersion = 10.0.40219.1
Project("{FAE04EC0-301F-11D3-BF4B-00C04F79EFBC}") = "EmailReceive.Aruna", "EmailReceive.Aruna\EmailReceive.Aruna.csproj", "{67123D94-F160-49C3-AFD6-731417053F0D}"
EndProject
Global
	GlobalSection(SolutionConfigurationPlatforms) = preSolution
		Debug|Any CPU = Debug|Any CPU
		Release|Any CPU = Release|Any CPU
	EndGlobalSection
	GlobalSection(ProjectConfigurationPlatforms) = postSolution
		{67123D94-F160-49C3-AFD6-731417053F0D}.Debug|Any CPU.ActiveCfg = Debug|Any CPU
		{67123D94-F160-49C3-AFD6-731417053F0D}.Debug|Any CPU.Build.0 = Debug|Any CPU
		{67123D94-F160-49C3-AFD6-731417053F0D}.Release|Any CPU.ActiveCfg = Release|Any CPU
		{67123D94-F160-49C3-AFD6-731417053F0D}.Release|Any CPU.Build.0 = Release|Any CPU
	EndGlobalSection
	GlobalSection(SolutionProperties) = preSolution
		HideSolutionNode = FALSE
	EndGlobalSection
	GlobalSection(ExtensibilityGlobals) = postSolution
		SolutionGuid = {C9B4FDCF-3BAC-4EDB-ABD0-A14EBCC0B282}
	EndGlobalSection
EndGlobal
